{
  "nodes": {
    "nixpkgs": {
      "locked": {
        "lastModified": 1768569498,
        "narHash": "sha256-bB6Nt99Cj8Nu5nIUq0GLmpiErIT5KFshMQJGMZwgqUo=",
        "owner": "NixOS",
        "repo": "nixpkgs",
        "rev": "be5afa0fcb31f0a96bf9ecba05a516c66fcd8114",
        "type": "github"
      },
      "original": {
        "owner": "NixOS",
        "ref": "nixpkgs-unstable",
        "repo": "nixpkgs",
        "type": "github"
      }
    },
    "root": {
      "inputs": {
        "nixpkgs": "nixpkgs",
        "zmk-nix": "zmk-nix"
      }
    },
    "zmk-nix": {
      "inputs": {
        "nixpkgs": [
          "nixpkgs"
        ]
      },
      "locked": {
        "lastModified": 1768695265,
        "narHash": "sha256-crilZccTJczsC+qmDlCK7Beiuzgieuyqg5W2Pp30ew0=",
        "owner": "lilyinstarlight",
        "repo": "zmk-nix",
        "rev": "3668dfbfda0ad073390151e8ec90be173af2cdb8",
        "type": "github"
      },
      "original": {
        "owner": "lilyinstarlight",
        "repo": "zmk-nix",
        "type": "github"
      }
    }
  },
  "root": "root",
  "version": 7
}
